
Microsoft Visual Studio Solution File, Format Version 12.00
# Visual Studio Version 16
VisualStudioVersion = 16.0.29709.97
MinimumVisualStudioVersion = 10.0.40219.1
Project("{FAE04EC0-301F-11D3-BF4B-00C04F79EFBC}") = "CSEFTPC4Core3ObjectService", "CSEFTPC4Core3ObjectService\CSEFTPC4Core3ObjectService.csproj", "{2E89C888-7FFB-44ED-B8EC-C9DE22C8EFAB}"
EndProject
Global
	GlobalSection(SolutionConfigurationPlatforms) = preSolution
		Debug|Any CPU = Debug|Any CPU
		Release|Any CPU = Release|Any CPU
	EndGlobalSection
	GlobalSection(ProjectConfigurationPlatforms) = postSolution
		{2E89C888-7FFB-44ED-B8EC-C9DE22C8EFAB}.Debug|Any CPU.ActiveCfg = Debug|Any CPU
		{2E89C888-7FFB-44ED-B8EC-C9DE22C8EFAB}.Debug|Any CPU.Build.0 = Debug|Any CPU
		{2E89C888-7FFB-44ED-B8EC-C9DE22C8EFAB}.Release|Any CPU.ActiveCfg = Release|Any CPU
		{2E89C888-7FFB-44ED-B8EC-C9DE22C8EFAB}.Release|Any CPU.Build.0 = Release|Any CPU
	EndGlobalSection
	GlobalSection(SolutionProperties) = preSolution
		HideSolutionNode = FALSE
	EndGlobalSection
	GlobalSection(ExtensibilityGlobals) = postSolution
		SolutionGuid = {37C9E865-8FEB-4E6B-B1FB-8F38CD3ADB51}
	EndGlobalSection
EndGlobal
